
Microsoft Visual Studio Solution File, Format Version 12.00
# Visual Studio Version 16
VisualStudioVersion = 16.0.29709.97
MinimumVisualStudioVersion = 10.0.40219.1
Project("{FAE04EC0-301F-11D3-BF4B-00C04F79EFBC}") = "FinalProjectOption1", "FinalProjectOption1\FinalProjectOption1.csproj", "{4DC20643-7F9D-4CCA-856E-BC1B8991D054}"
EndProject
Global
	GlobalSection(SolutionConfigurationPlatforms) = preSolution
		Debug|Any CPU = Debug|Any CPU
		Release|Any CPU = Release|Any CPU
	EndGlobalSection
	GlobalSection(ProjectConfigurationPlatforms) = postSolution
		{4DC20643-7F9D-4CCA-856E-BC1B8991D054}.Debug|Any CPU.ActiveCfg = Debug|Any CPU
		{4DC20643-7F9D-4CCA-856E-BC1B8991D054}.Debug|Any CPU.Build.0 = Debug|Any CPU
		{4DC20643-7F9D-4CCA-856E-BC1B8991D054}.Release|Any CPU.ActiveCfg = Release|Any CPU
		{4DC20643-7F9D-4CCA-856E-BC1B8991D054}.Release|Any CPU.Build.0 = Release|Any CPU
	EndGlobalSection
	GlobalSection(SolutionProperties) = preSolution
		HideSolutionNode = FALSE
	EndGlobalSection
	GlobalSection(ExtensibilityGlobals) = postSolution
		SolutionGuid = {F1392BE1-EB4F-4633-9437-1ABFA06C79B3}
	EndGlobalSection
EndGlobal
